
Microsoft Visual Studio Solution File, Format Version 11.00
# Visual Studio 2010
Project("{FAE04EC0-301F-11D3-BF4B-00C04F79EFBC}") = "RoundsWithFriends", "RoundsWithFriends.csproj", "{A45527A1-1424-568D-2ED6-9870666E38A6}"
EndProject
Project("{FAE04EC0-301F-11D3-BF4B-00C04F79EFBC}") = "CardThemeLib", "CardThemeLib.csproj", "{ACD69D7B-6B92-E19C-D945-5CD11205EDA6}"
EndProject
Project("{FAE04EC0-301F-11D3-BF4B-00C04F79EFBC}") = "Assembly-CSharp", "Assembly-CSharp.csproj", "{69C143E3-7F60-2214-6882-9522D5439680}"
EndProject
Project("{FAE04EC0-301F-11D3-BF4B-00C04F79EFBC}") = "WillsWackyManagers", "WillsWackyManagers.csproj", "{9CFE8F81-F7B9-BCAE-E807-904ABD651DEA}"
EndProject
Project("{FAE04EC0-301F-11D3-BF4B-00C04F79EFBC}") = "ModsPlus", "ModsPlus.csproj", "{C436FDDB-CB96-B1D7-308C-9823884F42BD}"
EndProject
Project("{FAE04EC0-301F-11D3-BF4B-00C04F79EFBC}") = "ItemShops", "ItemShops.csproj", "{A1254E49-BE75-09DB-A0F9-BCADD7EF65EB}"
EndProject
Project("{FAE04EC0-301F-11D3-BF4B-00C04F79EFBC}") = "UnboundLib", "UnboundLib.csproj", "{D0BE8F5C-996D-F6E5-7E39-340A731944F9}"
EndProject
Project("{FAE04EC0-301F-11D3-BF4B-00C04F79EFBC}") = "ModdingUtils", "ModdingUtils.csproj", "{D4195255-65ED-59D9-EB69-9DC338A94A26}"
EndProject
Project("{FAE04EC0-301F-11D3-BF4B-00C04F79EFBC}") = "CardChoiceSpawnUniqueCardPatch", "CardChoiceSpawnUniqueCardPatch.csproj", "{DFEFBB05-AAD5-79B8-7D52-862950987B62}"
EndProject
Project("{FAE04EC0-301F-11D3-BF4B-00C04F79EFBC}") = "ILGenerator", "ILGenerator.csproj", "{4335721D-264E-E6F5-0085-B1A8589B088E}"
EndProject
Project("{FAE04EC0-301F-11D3-BF4B-00C04F79EFBC}") = "ClassesManagerReborn", "ClassesManagerReborn.csproj", "{53E9869F-E080-A18A-82E9-AB66610C3A80}"
EndProject
Project("{FAE04EC0-301F-11D3-BF4B-00C04F79EFBC}") = "DungeonsAndDragons", "DungeonsAndDragons.csproj", "{3E62F70C-2BA8-9E9E-278F-859E5445B278}"
EndProject
Project("{FAE04EC0-301F-11D3-BF4B-00C04F79EFBC}") = "PickNCards", "PickNCards.csproj", "{41F6C209-294C-DB8E-BA31-CC8D9282BAD7}"
EndProject
Project("{FAE04EC0-301F-11D3-BF4B-00C04F79EFBC}") = "RarityLib", "RarityLib.csproj", "{E63AF3D2-F64F-0B94-E75F-50802AE04AB2}"
EndProject
Project("{FAE04EC0-301F-11D3-BF4B-00C04F79EFBC}") = "Assembly-CSharp-Editor", "Assembly-CSharp-Editor.csproj", "{2F2D399C-565C-123F-333D-79ACE5F82B9D}"
EndProject
Project("{2150E333-8FDC-42A3-9474-1A3956D46DE8}") = "Libraries", "Libraries", "{170F5BE3-68D4-409B-8AD4-9D0BA6CECD0A}"
EndProject
Global
	GlobalSection(SolutionConfigurationPlatforms) = preSolution
		Debug|Any CPU = Debug|Any CPU
		Release|Any CPU = Release|Any CPU
	EndGlobalSection
	GlobalSection(ProjectConfigurationPlatforms) = postSolution
		{A45527A1-1424-568D-2ED6-9870666E38A6}.Debug|Any CPU.ActiveCfg = Debug|Any CPU
		{A45527A1-1424-568D-2ED6-9870666E38A6}.Debug|Any CPU.Build.0 = Debug|Any CPU
		{A45527A1-1424-568D-2ED6-9870666E38A6}.Release|Any CPU.ActiveCfg = Release|Any CPU
		{A45527A1-1424-568D-2ED6-9870666E38A6}.Release|Any CPU.Build.0 = Release|Any CPU
		{ACD69D7B-6B92-E19C-D945-5CD11205EDA6}.Debug|Any CPU.ActiveCfg = Debug|Any CPU
		{ACD69D7B-6B92-E19C-D945-5CD11205EDA6}.Debug|Any CPU.Build.0 = Debug|Any CPU
		{ACD69D7B-6B92-E19C-D945-5CD11205EDA6}.Release|Any CPU.ActiveCfg = Release|Any CPU
		{ACD69D7B-6B92-E19C-D945-5CD11205EDA6}.Release|Any CPU.Build.0 = Release|Any CPU
		{69C143E3-7F60-2214-6882-9522D5439680}.Debug|Any CPU.ActiveCfg = Debug|Any CPU
		{69C143E3-7F60-2214-6882-9522D5439680}.Debug|Any CPU.Build.0 = Debug|Any CPU
		{69C143E3-7F60-2214-6882-9522D5439680}.Release|Any CPU.ActiveCfg = Release|Any CPU
		{69C143E3-7F60-2214-6882-9522D5439680}.Release|Any CPU.Build.0 = Release|Any CPU
		{9CFE8F81-F7B9-BCAE-E807-904ABD651DEA}.Debug|Any CPU.ActiveCfg = Debug|Any CPU
		{9CFE8F81-F7B9-BCAE-E807-904ABD651DEA}.Debug|Any CPU.Build.0 = Debug|Any CPU
		{9CFE8F81-F7B9-BCAE-E807-904ABD651DEA}.Release|Any CPU.ActiveCfg = Release|Any CPU
		{9CFE8F81-F7B9-BCAE-E807-904ABD651DEA}.Release|Any CPU.Build.0 = Release|Any CPU
		{C436FDDB-CB96-B1D7-308C-9823884F42BD}.Debug|Any CPU.ActiveCfg = Debug|Any CPU
		{C436FDDB-CB96-B1D7-308C-9823884F42BD}.Debug|Any CPU.Build.0 = Debug|Any CPU
		{C436FDDB-CB96-B1D7-308C-9823884F42BD}.Release|Any CPU.ActiveCfg = Release|Any CPU
		{C436FDDB-CB96-B1D7-308C-9823884F42BD}.Release|Any CPU.Build.0 = Release|Any CPU
		{A1254E49-BE75-09DB-A0F9-BCADD7EF65EB}.Debug|Any CPU.ActiveCfg = Debug|Any CPU
		{A1254E49-BE75-09DB-A0F9-BCADD7EF65EB}.Debug|Any CPU.Build.0 = Debug|Any CPU
		{A1254E49-BE75-09DB-A0F9-BCADD7EF65EB}.Release|Any CPU.ActiveCfg = Release|Any CPU
		{A1254E49-BE75-09DB-A0F9-BCADD7EF65EB}.Release|Any CPU.Build.0 = Release|Any CPU
		{D0BE8F5C-996D-F6E5-7E39-340A731944F9}.Debug|Any CPU.ActiveCfg = Debug|Any CPU
		{D0BE8F5C-996D-F6E5-7E39-340A731944F9}.Debug|Any CPU.Build.0 = Debug|Any CPU
		{D0BE8F5C-996D-F6E5-7E39-340A731944F9}.Release|Any CPU.ActiveCfg = Release|Any CPU
		{D0BE8F5C-996D-F6E5-7E39-340A731944F9}.Release|Any CPU.Build.0 = Release|Any CPU
		{D4195255-65ED-59D9-EB69-9DC338A94A26}.Debug|Any CPU.ActiveCfg = Debug|Any CPU
		{D4195255-65ED-59D9-EB69-9DC338A94A26}.Debug|Any CPU.Build.0 = Debug|Any CPU
		{D4195255-65ED-59D9-EB69-9DC338A94A26}.Release|Any CPU.ActiveCfg = Release|Any CPU
		{D4195255-65ED-59D9-EB69-9DC338A94A26}.Release|Any CPU.Build.0 = Release|Any CPU
		{DFEFBB05-AAD5-79B8-7D52-862950987B62}.Debug|Any CPU.ActiveCfg = Debug|Any CPU
		{DFEFBB05-AAD5-79B8-7D52-862950987B62}.Debug|Any CPU.Build.0 = Debug|Any CPU
		{DFEFBB05-AAD5-79B8-7D52-862950987B62}.Release|Any CPU.ActiveCfg = Release|Any CPU
		{DFEFBB05-AAD5-79B8-7D52-862950987B62}.Release|Any CPU.Build.0 = Release|Any CPU
		{4335721D-264E-E6F5-0085-B1A8589B088E}.Debug|Any CPU.ActiveCfg = Debug|Any CPU
		{4335721D-264E-E6F5-0085-B1A8589B088E}.Debug|Any CPU.Build.0 = Debug|Any CPU
		{4335721D-264E-E6F5-0085-B1A8589B088E}.Release|Any CPU.ActiveCfg = Release|Any CPU
		{4335721D-264E-E6F5-0085-B1A8589B088E}.Release|Any CPU.Build.0 = Release|Any CPU
		{53E9869F-E080-A18A-82E9-AB66610C3A80}.Debug|Any CPU.ActiveCfg = Debug|Any CPU
		{53E9869F-E080-A18A-82E9-AB66610C3A80}.Debug|Any CPU.Build.0 = Debug|Any CPU
		{53E9869F-E080-A18A-82E9-AB66610C3A80}.Release|Any CPU.ActiveCfg = Release|Any CPU
		{53E9869F-E080-A18A-82E9-AB66610C3A80}.Release|Any CPU.Build.0 = Release|Any CPU
		{3E62F70C-2BA8-9E9E-278F-859E5445B278}.Debug|Any CPU.ActiveCfg = Debug|Any CPU
		{3E62F70C-2BA8-9E9E-278F-859E5445B278}.Debug|Any CPU.Build.0 = Debug|Any CPU
		{3E62F70C-2BA8-9E9E-278F-859E5445B278}.Release|Any CPU.ActiveCfg = Release|Any CPU
		{3E62F70C-2BA8-9E9E-278F-859E5445B278}.Release|Any CPU.Build.0 = Release|Any CPU
		{41F6C209-294C-DB8E-BA31-CC8D9282BAD7}.Debug|Any CPU.ActiveCfg = Debug|Any CPU
		{41F6C209-294C-DB8E-BA31-CC8D9282BAD7}.Debug|Any CPU.Build.0 = Debug|Any CPU
		{41F6C209-294C-DB8E-BA31-CC8D9282BAD7}.Release|Any CPU.ActiveCfg = Release|Any CPU
		{41F6C209-294C-DB8E-BA31-CC8D9282BAD7}.Release|Any CPU.Build.0 = Release|Any CPU
		{E63AF3D2-F64F-0B94-E75F-50802AE04AB2}.Debug|Any CPU.ActiveCfg = Debug|Any CPU
		{E63AF3D2-F64F-0B94-E75F-50802AE04AB2}.Debug|Any CPU.Build.0 = Debug|Any CPU
		{E63AF3D2-F64F-0B94-E75F-50802AE04AB2}.Release|Any CPU.ActiveCfg = Release|Any CPU
		{E63AF3D2-F64F-0B94-E75F-50802AE04AB2}.Release|Any CPU.Build.0 = Release|Any CPU
		{2F2D399C-565C-123F-333D-79ACE5F82B9D}.Debug|Any CPU.ActiveCfg = Debug|Any CPU
		{2F2D399C-565C-123F-333D-79ACE5F82B9D}.Debug|Any CPU.Build.0 = Debug|Any CPU
		{2F2D399C-565C-123F-333D-79ACE5F82B9D}.Release|Any CPU.ActiveCfg = Release|Any CPU
		{2F2D399C-565C-123F-333D-79ACE5F82B9D}.Release|Any CPU.Build.0 = Release|Any CPU
	EndGlobalSection
	GlobalSection(SolutionProperties) = preSolution
		HideSolutionNode = FALSE
	EndGlobalSection
	GlobalSection(MonoDevelopProperties) = preSolution
		StartupItem = Assembly-CSharp.csproj
	EndGlobalSection
	GlobalSection(NestedProjects) = preSolution
		{DFEFBB05-AAD5-79B8-7D52-862950987B62} = {170F5BE3-68D4-409B-8AD4-9D0BA6CECD0A}
		{ACD69D7B-6B92-E19C-D945-5CD11205EDA6} = {170F5BE3-68D4-409B-8AD4-9D0BA6CECD0A}
		{53E9869F-E080-A18A-82E9-AB66610C3A80} = {170F5BE3-68D4-409B-8AD4-9D0BA6CECD0A}
		{A1254E49-BE75-09DB-A0F9-BCADD7EF65EB} = {170F5BE3-68D4-409B-8AD4-9D0BA6CECD0A}
		{D4195255-65ED-59D9-EB69-9DC338A94A26} = {170F5BE3-68D4-409B-8AD4-9D0BA6CECD0A}
		{C436FDDB-CB96-B1D7-308C-9823884F42BD} = {170F5BE3-68D4-409B-8AD4-9D0BA6CECD0A}
		{41F6C209-294C-DB8E-BA31-CC8D9282BAD7} = {170F5BE3-68D4-409B-8AD4-9D0BA6CECD0A}
		{E63AF3D2-F64F-0B94-E75F-50802AE04AB2} = {170F5BE3-68D4-409B-8AD4-9D0BA6CECD0A}
		{A45527A1-1424-568D-2ED6-9870666E38A6} = {170F5BE3-68D4-409B-8AD4-9D0BA6CECD0A}
		{D0BE8F5C-996D-F6E5-7E39-340A731944F9} = {170F5BE3-68D4-409B-8AD4-9D0BA6CECD0A}
		{9CFE8F81-F7B9-BCAE-E807-904ABD651DEA} = {170F5BE3-68D4-409B-8AD4-9D0BA6CECD0A}
		{4335721D-264E-E6F5-0085-B1A8589B088E} = {170F5BE3-68D4-409B-8AD4-9D0BA6CECD0A}
	EndGlobalSection
EndGlobal

