
Microsoft Visual Studio Solution File, Format Version 11.00
# Visual Studio 2010
Project("{FAE04EC0-301F-11D3-BF4B-00C04F79EFBC}") = "RoundsWithFriends", "RoundsWithFriends.csproj", "{A9991F50-CEAD-B8A8-FA60-5B92753E3E58}"
EndProject
Project("{FAE04EC0-301F-11D3-BF4B-00C04F79EFBC}") = "CardThemeLib", "CardThemeLib.csproj", "{EE154D5E-7A7D-D520-D14A-BC293BEDCB7E}"
EndProject
Project("{FAE04EC0-301F-11D3-BF4B-00C04F79EFBC}") = "Assembly-CSharp", "Assembly-CSharp.csproj", "{74722421-FC36-1D3F-CA91-29859225D494}"
EndProject
Project("{FAE04EC0-301F-11D3-BF4B-00C04F79EFBC}") = "WillsWackyManagers", "WillsWackyManagers.csproj", "{E764D884-B5D9-D227-316D-35113C4F13DA}"
EndProject
Project("{FAE04EC0-301F-11D3-BF4B-00C04F79EFBC}") = "ModsPlus", "ModsPlus.csproj", "{0C980E84-BE94-8012-DD86-FE8F025AFDC1}"
EndProject
Project("{FAE04EC0-301F-11D3-BF4B-00C04F79EFBC}") = "ItemShops", "ItemShops.csproj", "{3644BE63-EC01-430C-FADB-11F5ADAC2156}"
EndProject
Project("{FAE04EC0-301F-11D3-BF4B-00C04F79EFBC}") = "UnboundLib", "UnboundLib.csproj", "{293BB54B-CD34-01E5-8BD1-D40331E8F28E}"
EndProject
Project("{FAE04EC0-301F-11D3-BF4B-00C04F79EFBC}") = "ModdingUtils", "ModdingUtils.csproj", "{E3BB2499-C6BE-FC44-80AA-46B5BC445C55}"
EndProject
Project("{FAE04EC0-301F-11D3-BF4B-00C04F79EFBC}") = "CardChoiceSpawnUniqueCardPatch", "CardChoiceSpawnUniqueCardPatch.csproj", "{DEA2BF51-FA6A-C1BE-2C61-A7B549A882F3}"
EndProject
Project("{FAE04EC0-301F-11D3-BF4B-00C04F79EFBC}") = "ILGenerator", "ILGenerator.csproj", "{A2DD3A0F-4F2C-1732-8B5E-D3793BD5E44A}"
EndProject
Project("{FAE04EC0-301F-11D3-BF4B-00C04F79EFBC}") = "ClassesManagerReborn", "ClassesManagerReborn.csproj", "{451D604B-CBD1-5FE7-9822-6ECBD7A39238}"
EndProject
Project("{FAE04EC0-301F-11D3-BF4B-00C04F79EFBC}") = "PickNCards", "PickNCards.csproj", "{0635391C-0BB0-5092-1A4F-29789E17524E}"
EndProject
Project("{FAE04EC0-301F-11D3-BF4B-00C04F79EFBC}") = "RarityLib", "RarityLib.csproj", "{AC8F6848-51F1-AB18-586C-04843B86F512}"
EndProject
Project("{FAE04EC0-301F-11D3-BF4B-00C04F79EFBC}") = "DungeonsAndDragons", "DungeonsAndDragons.csproj", "{D95F6870-E26F-B280-2891-81AE02CCD71B}"
EndProject
Project("{FAE04EC0-301F-11D3-BF4B-00C04F79EFBC}") = "Assembly-CSharp-Editor", "Assembly-CSharp-Editor.csproj", "{9B5148F2-EB49-5245-EF7D-DF5B9A275D12}"
EndProject
Project("{2150E333-8FDC-42A3-9474-1A3956D46DE8}") = "Libraries", "Libraries", "{F6E742BB-BA44-4BD9-B57F-F78B26D0E6DB}"
EndProject
Global
	GlobalSection(SolutionConfigurationPlatforms) = preSolution
		Debug|Any CPU = Debug|Any CPU
		Release|Any CPU = Release|Any CPU
	EndGlobalSection
	GlobalSection(ProjectConfigurationPlatforms) = postSolution
		{A9991F50-CEAD-B8A8-FA60-5B92753E3E58}.Debug|Any CPU.ActiveCfg = Debug|Any CPU
		{A9991F50-CEAD-B8A8-FA60-5B92753E3E58}.Debug|Any CPU.Build.0 = Debug|Any CPU
		{A9991F50-CEAD-B8A8-FA60-5B92753E3E58}.Release|Any CPU.ActiveCfg = Release|Any CPU
		{A9991F50-CEAD-B8A8-FA60-5B92753E3E58}.Release|Any CPU.Build.0 = Release|Any CPU
		{EE154D5E-7A7D-D520-D14A-BC293BEDCB7E}.Debug|Any CPU.ActiveCfg = Debug|Any CPU
		{EE154D5E-7A7D-D520-D14A-BC293BEDCB7E}.Debug|Any CPU.Build.0 = Debug|Any CPU
		{EE154D5E-7A7D-D520-D14A-BC293BEDCB7E}.Release|Any CPU.ActiveCfg = Release|Any CPU
		{EE154D5E-7A7D-D520-D14A-BC293BEDCB7E}.Release|Any CPU.Build.0 = Release|Any CPU
		{74722421-FC36-1D3F-CA91-29859225D494}.Debug|Any CPU.ActiveCfg = Debug|Any CPU
		{74722421-FC36-1D3F-CA91-29859225D494}.Debug|Any CPU.Build.0 = Debug|Any CPU
		{74722421-FC36-1D3F-CA91-29859225D494}.Release|Any CPU.ActiveCfg = Release|Any CPU
		{74722421-FC36-1D3F-CA91-29859225D494}.Release|Any CPU.Build.0 = Release|Any CPU
		{E764D884-B5D9-D227-316D-35113C4F13DA}.Debug|Any CPU.ActiveCfg = Debug|Any CPU
		{E764D884-B5D9-D227-316D-35113C4F13DA}.Debug|Any CPU.Build.0 = Debug|Any CPU
		{E764D884-B5D9-D227-316D-35113C4F13DA}.Release|Any CPU.ActiveCfg = Release|Any CPU
		{E764D884-B5D9-D227-316D-35113C4F13DA}.Release|Any CPU.Build.0 = Release|Any CPU
		{0C980E84-BE94-8012-DD86-FE8F025AFDC1}.Debug|Any CPU.ActiveCfg = Debug|Any CPU
		{0C980E84-BE94-8012-DD86-FE8F025AFDC1}.Debug|Any CPU.Build.0 = Debug|Any CPU
		{0C980E84-BE94-8012-DD86-FE8F025AFDC1}.Release|Any CPU.ActiveCfg = Release|Any CPU
		{0C980E84-BE94-8012-DD86-FE8F025AFDC1}.Release|Any CPU.Build.0 = Release|Any CPU
		{3644BE63-EC01-430C-FADB-11F5ADAC2156}.Debug|Any CPU.ActiveCfg = Debug|Any CPU
		{3644BE63-EC01-430C-FADB-11F5ADAC2156}.Debug|Any CPU.Build.0 = Debug|Any CPU
		{3644BE63-EC01-430C-FADB-11F5ADAC2156}.Release|Any CPU.ActiveCfg = Release|Any CPU
		{3644BE63-EC01-430C-FADB-11F5ADAC2156}.Release|Any CPU.Build.0 = Release|Any CPU
		{293BB54B-CD34-01E5-8BD1-D40331E8F28E}.Debug|Any CPU.ActiveCfg = Debug|Any CPU
		{293BB54B-CD34-01E5-8BD1-D40331E8F28E}.Debug|Any CPU.Build.0 = Debug|Any CPU
		{293BB54B-CD34-01E5-8BD1-D40331E8F28E}.Release|Any CPU.ActiveCfg = Release|Any CPU
		{293BB54B-CD34-01E5-8BD1-D40331E8F28E}.Release|Any CPU.Build.0 = Release|Any CPU
		{E3BB2499-C6BE-FC44-80AA-46B5BC445C55}.Debug|Any CPU.ActiveCfg = Debug|Any CPU
		{E3BB2499-C6BE-FC44-80AA-46B5BC445C55}.Debug|Any CPU.Build.0 = Debug|Any CPU
		{E3BB2499-C6BE-FC44-80AA-46B5BC445C55}.Release|Any CPU.ActiveCfg = Release|Any CPU
		{E3BB2499-C6BE-FC44-80AA-46B5BC445C55}.Release|Any CPU.Build.0 = Release|Any CPU
		{DEA2BF51-FA6A-C1BE-2C61-A7B549A882F3}.Debug|Any CPU.ActiveCfg = Debug|Any CPU
		{DEA2BF51-FA6A-C1BE-2C61-A7B549A882F3}.Debug|Any CPU.Build.0 = Debug|Any CPU
		{DEA2BF51-FA6A-C1BE-2C61-A7B549A882F3}.Release|Any CPU.ActiveCfg = Release|Any CPU
		{DEA2BF51-FA6A-C1BE-2C61-A7B549A882F3}.Release|Any CPU.Build.0 = Release|Any CPU
		{A2DD3A0F-4F2C-1732-8B5E-D3793BD5E44A}.Debug|Any CPU.ActiveCfg = Debug|Any CPU
		{A2DD3A0F-4F2C-1732-8B5E-D3793BD5E44A}.Debug|Any CPU.Build.0 = Debug|Any CPU
		{A2DD3A0F-4F2C-1732-8B5E-D3793BD5E44A}.Release|Any CPU.ActiveCfg = Release|Any CPU
		{A2DD3A0F-4F2C-1732-8B5E-D3793BD5E44A}.Release|Any CPU.Build.0 = Release|Any CPU
		{451D604B-CBD1-5FE7-9822-6ECBD7A39238}.Debug|Any CPU.ActiveCfg = Debug|Any CPU
		{451D604B-CBD1-5FE7-9822-6ECBD7A39238}.Debug|Any CPU.Build.0 = Debug|Any CPU
		{451D604B-CBD1-5FE7-9822-6ECBD7A39238}.Release|Any CPU.ActiveCfg = Release|Any CPU
		{451D604B-CBD1-5FE7-9822-6ECBD7A39238}.Release|Any CPU.Build.0 = Release|Any CPU
		{0635391C-0BB0-5092-1A4F-29789E17524E}.Debug|Any CPU.ActiveCfg = Debug|Any CPU
		{0635391C-0BB0-5092-1A4F-29789E17524E}.Debug|Any CPU.Build.0 = Debug|Any CPU
		{0635391C-0BB0-5092-1A4F-29789E17524E}.Release|Any CPU.ActiveCfg = Release|Any CPU
		{0635391C-0BB0-5092-1A4F-29789E17524E}.Release|Any CPU.Build.0 = Release|Any CPU
		{AC8F6848-51F1-AB18-586C-04843B86F512}.Debug|Any CPU.ActiveCfg = Debug|Any CPU
		{AC8F6848-51F1-AB18-586C-04843B86F512}.Debug|Any CPU.Build.0 = Debug|Any CPU
		{AC8F6848-51F1-AB18-586C-04843B86F512}.Release|Any CPU.ActiveCfg = Release|Any CPU
		{AC8F6848-51F1-AB18-586C-04843B86F512}.Release|Any CPU.Build.0 = Release|Any CPU
		{D95F6870-E26F-B280-2891-81AE02CCD71B}.Debug|Any CPU.ActiveCfg = Debug|Any CPU
		{D95F6870-E26F-B280-2891-81AE02CCD71B}.Debug|Any CPU.Build.0 = Debug|Any CPU
		{D95F6870-E26F-B280-2891-81AE02CCD71B}.Release|Any CPU.ActiveCfg = Release|Any CPU
		{D95F6870-E26F-B280-2891-81AE02CCD71B}.Release|Any CPU.Build.0 = Release|Any CPU
		{9B5148F2-EB49-5245-EF7D-DF5B9A275D12}.Debug|Any CPU.ActiveCfg = Debug|Any CPU
		{9B5148F2-EB49-5245-EF7D-DF5B9A275D12}.Debug|Any CPU.Build.0 = Debug|Any CPU
		{9B5148F2-EB49-5245-EF7D-DF5B9A275D12}.Release|Any CPU.ActiveCfg = Release|Any CPU
		{9B5148F2-EB49-5245-EF7D-DF5B9A275D12}.Release|Any CPU.Build.0 = Release|Any CPU
	EndGlobalSection
	GlobalSection(SolutionProperties) = preSolution
		HideSolutionNode = FALSE
	EndGlobalSection
	GlobalSection(MonoDevelopProperties) = preSolution
		StartupItem = Assembly-CSharp.csproj
	EndGlobalSection
	GlobalSection(NestedProjects) = preSolution
		{DEA2BF51-FA6A-C1BE-2C61-A7B549A882F3} = {F6E742BB-BA44-4BD9-B57F-F78B26D0E6DB}
		{EE154D5E-7A7D-D520-D14A-BC293BEDCB7E} = {F6E742BB-BA44-4BD9-B57F-F78B26D0E6DB}
		{451D604B-CBD1-5FE7-9822-6ECBD7A39238} = {F6E742BB-BA44-4BD9-B57F-F78B26D0E6DB}
		{3644BE63-EC01-430C-FADB-11F5ADAC2156} = {F6E742BB-BA44-4BD9-B57F-F78B26D0E6DB}
		{E3BB2499-C6BE-FC44-80AA-46B5BC445C55} = {F6E742BB-BA44-4BD9-B57F-F78B26D0E6DB}
		{0C980E84-BE94-8012-DD86-FE8F025AFDC1} = {F6E742BB-BA44-4BD9-B57F-F78B26D0E6DB}
		{0635391C-0BB0-5092-1A4F-29789E17524E} = {F6E742BB-BA44-4BD9-B57F-F78B26D0E6DB}
		{AC8F6848-51F1-AB18-586C-04843B86F512} = {F6E742BB-BA44-4BD9-B57F-F78B26D0E6DB}
		{A9991F50-CEAD-B8A8-FA60-5B92753E3E58} = {F6E742BB-BA44-4BD9-B57F-F78B26D0E6DB}
		{293BB54B-CD34-01E5-8BD1-D40331E8F28E} = {F6E742BB-BA44-4BD9-B57F-F78B26D0E6DB}
		{E764D884-B5D9-D227-316D-35113C4F13DA} = {F6E742BB-BA44-4BD9-B57F-F78B26D0E6DB}
		{A2DD3A0F-4F2C-1732-8B5E-D3793BD5E44A} = {F6E742BB-BA44-4BD9-B57F-F78B26D0E6DB}
	EndGlobalSection
EndGlobal

